// !$*UTF8*$!
{
	archiveVersion = 1;
	classes = {
	};
	objectVersion = 110;
	objects = {

/* Begin PBXContainerItemProxy section */
		56F2CD4C306D7B1C00DDEC79 /* PBXContainerItemProxy */ = {
			isa = PBXContainerItemProxy;
			containerPortal = 56F2CD36306D7B1B00DDEC79 /* Project object */;
			proxyType = 1;
			remoteGlobalIDString = 56F2CD3D306D7B1B00DDEC79;
			remoteInfo = Tuppen;
		};
		56F2CD56306D7B1C00DDEC79 /* PBXContainerItemProxy */ = {
			isa = PBXContainerItemProxy;
			containerPortal = 56F2CD36306D7B1B00DDEC79 /* Project object */;
			proxyType = 1;
			remoteGlobalIDString = 56F2CD3D306D7B1B00DDEC79;
			remoteInfo = Tuppen;
		};
/* End PBXContainerItemProxy section */

/* Begin PBXFileReference section */
		56F2CD3E306D7B1B00DDEC79 /* Tuppen.app */ = {isa = PBXFileReference; explicitFileType = wrapper.application; includeInIndex = 0; path = Tuppen.app; sourceTree = BUILT_PRODUCTS_DIR; };
		56F2CD4B306D7B1C00DDEC79 /* TuppenTests.xctest */ = {isa = PBXFileReference; explicitFileType = wrapper.cfbundle; includeInIndex = 0; path = TuppenTests.xctest; sourceTree = BUILT_PRODUCTS_DIR; };
		56F2CD55306D7B1C00DDEC79 /* TuppenUITests.xctest */ = {isa = PBXFileReference; explicitFileType = wrapper.cfbundle; includeInIndex = 0; path = TuppenUITests.xctest; sourceTree = BUILT_PRODUCTS_DIR; };
/* End PBXFileReference section */

/* Begin PBXFileSystemSynchronizedRootGroup section */
		56F2CD40306D7B1B00DDEC79 /* Tuppen */ = {
			isa = PBXFileSystemSynchronizedRootGroup;
			path = Tuppen;
			sourceTree = "<group>";
		};
		56F2CD4E306D7B1C00DDEC79 /* TuppenTests */ = {
			isa = PBXFileSystemSynchronizedRootGroup;
			path = TuppenTests;
			sourceTree = "<group>";
		};
		56F2CD58306D7B1C00DDEC79 /* TuppenUITests */ = {
			isa = PBXFileSystemSynchronizedRootGroup;
			path = TuppenUITests;
			sourceTree = "<group>";
		};
/* End PBXFileSystemSynchronizedRootGroup section */

/* Begin PBXFrameworksBuildPhase section */
		56F2CD3B306D7B1B00DDEC79 /* Frameworks */ = {
			isa = PBXFrameworksBuildPhase;
			files = (
			);
		};
		56F2CD48306D7B1C00DDEC79 /* Frameworks */ = {
			isa = PBXFrameworksBuildPhase;
			files = (
			);
		};
		56F2CD52306D7B1C00DDEC79 /* Frameworks */ = {
			isa = PBXFrameworksBuildPhase;
			files = (
			);
		};
/* End PBXFrameworksBuildPhase section */

/* Begin PBXGroup section */
		56F2CD35306D7B1B00DDEC79 = {
			isa = PBXGroup;
			children = (
				56F2CD40306D7B1B00DDEC79 /* Tuppen */,
				56F2CD4E306D7B1C00DDEC79 /* TuppenTests */,
				56F2CD58306D7B1C00DDEC79 /* TuppenUITests */,
				56F2CD3F306D7B1B00DDEC79 /* Products */,
			);
			sourceTree = "<group>";
		};
		56F2CD3F306D7B1B00DDEC79 /* Products */ = {
			isa = PBXGroup;
			children = (
				56F2CD3E306D7B1B00DDEC79 /* Tuppen.app */,
				56F2CD4B306D7B1C00DDEC79 /* TuppenTests.xctest */,
				56F2CD55306D7B1C00DDEC79 /* TuppenUITests.xctest */,
			);
			name = Products;
			sourceTree = "<group>";
		};
/* End PBXGroup section */

/* Begin PBXNativeTarget section */
		56F2CD3D306D7B1B00DDEC79 /* Tuppen */ = {
			isa = PBXNativeTarget;
			buildConfigurationList = 56F2CD5D306D7B1C00DDEC79 /* Build configuration list for PBXNativeTarget "Tuppen" */;
			buildPhases = (
				56F2CD3A306D7B1B00DDEC79 /* Sources */,
				56F2CD3B306D7B1B00DDEC79 /* Frameworks */,
				56F2CD3C306D7B1B00DDEC79 /* Resources */,
			);
			buildRules = (
			);
			fileSystemSynchronizedGroups = (
				56F2CD40306D7B1B00DDEC79 /* Tuppen */,
			);
			name = Tuppen;
			productName = Tuppen;
			productReference = 56F2CD3E306D7B1B00DDEC79 /* Tuppen.app */;
			productType = "com.apple.product-type.application";
		};
		56F2CD4A306D7B1C00DDEC79 /* TuppenTests */ = {
			isa = PBXNativeTarget;
			buildConfigurationList = 56F2CD60306D7B1C00DDEC79 /* Build configuration list for PBXNativeTarget "TuppenTests" */;
			buildPhases = (
				56F2CD47306D7B1C00DDEC79 /* Sources */,
				56F2CD48306D7B1C00DDEC79 /* Frameworks */,
				56F2CD49306D7B1C00DDEC79 /* Resources */,
			);
			buildRules = (
			);
			dependencies = (
				56F2CD4D306D7B1C00DDEC79 /* PBXTargetDependency */,
			);
			fileSystemSynchronizedGroups = (
				56F2CD4E306D7B1C00DDEC79 /* TuppenTests */,
			);
			name = TuppenTests;
			productName = TuppenTests;
			productReference = 56F2CD4B306D7B1C00DDEC79 /* TuppenTests.xctest */;
			productType = "com.apple.product-type.bundle.unit-test";
		};
		56F2CD54306D7B1C00DDEC79 /* TuppenUITests */ = {
			isa = PBXNativeTarget;
			buildConfigurationList = 56F2CD63306D7B1C00DDEC79 /* Build configuration list for PBXNativeTarget "TuppenUITests" */;
			buildPhases = (
				56F2CD51306D7B1C00DDEC79 /* Sources */,
				56F2CD52306D7B1C00DDEC79 /* Frameworks */,
				56F2CD53306D7B1C00DDEC79 /* Resources */,
			);
			buildRules = (
			);
			dependencies = (
				56F2CD57306D7B1C00DDEC79 /* PBXTargetDependency */,
			);
			fileSystemSynchronizedGroups = (
				56F2CD58306D7B1C00DDEC79 /* TuppenUITests */,
			);
			name = TuppenUITests;
			productName = TuppenUITests;
			productReference = 56F2CD55306D7B1C00DDEC79 /* TuppenUITests.xctest */;
			productType = "com.apple.product-type.bundle.ui-testing";
		};
/* End PBXNativeTarget section */

/* Begin PBXProject section */
		56F2CD36306D7B1B00DDEC79 /* Project object */ = {
			isa = PBXProject;
			attributes = {
				BuildIndependentTargetsInParallel = 1;
				LastSwiftUpdateCheck = 2700;
				LastUpgradeCheck = 2700;
				TargetAttributes = {
					56F2CD3D306D7B1B00DDEC79 = {
						CreatedOnToolsVersion = 27.0;
					};
					56F2CD4A306D7B1C00DDEC79 = {
						CreatedOnToolsVersion = 27.0;
						TestTargetID = 56F2CD3D306D7B1B00DDEC79;
					};
					56F2CD54306D7B1C00DDEC79 = {
						CreatedOnToolsVersion = 27.0;
						TestTargetID = 56F2CD3D306D7B1B00DDEC79;
					};
				};
			};
			buildConfigurationList = 56F2CD39306D7B1B00DDEC79 /* Build configuration list for PBXProject "Tuppen" */;
			developmentRegion = en;
			hasScannedForEncodings = 0;
			knownRegions = (
				en,
				Base,
			);
			mainGroup = 56F2CD35306D7B1B00DDEC79;
			minimizedProjectReferenceProxies = 1;
			preferredProjectObjectVersion = 77;
			productRefGroup = 56F2CD3F306D7B1B00DDEC79 /* Products */;
			projectDirPath = "";
			projectRoot = "";
			targets = (
				56F2CD3D306D7B1B00DDEC79 /* Tuppen */,
				56F2CD4A306D7B1C00DDEC79 /* TuppenTests */,
				56F2CD54306D7B1C00DDEC79 /* TuppenUITests */,
			);
		};
/* End PBXProject section */

/* Begin PBXResourcesBuildPhase section */
		56F2CD3C306D7B1B00DDEC79 /* Resources */ = {
			isa = PBXResourcesBuildPhase;
			files = (
			);
		};
		56F2CD49306D7B1C00DDEC79 /* Resources */ = {
			isa = PBXResourcesBuildPhase;
			files = (
			);
		};
		56F2CD53306D7B1C00DDEC79 /* Resources */ = {
			isa = PBXResourcesBuildPhase;
			files = (
			);
		};
/* End PBXResourcesBuildPhase section */

/* Begin PBXSourcesBuildPhase section */
		56F2CD3A306D7B1B00DDEC79 /* Sources */ = {
			isa = PBXSourcesBuildPhase;
			files = (
			);
		};
		56F2CD47306D7B1C00DDEC79 /* Sources */ = {
			isa = PBXSourcesBuildPhase;
			files = (
			);
		};
		56F2CD51306D7B1C00DDEC79 /* Sources */ = {
			isa = PBXSourcesBuildPhase;
			files = (
			);
		};
/* End PBXSourcesBuildPhase section */

/* Begin PBXTargetDependency section */
		56F2CD4D306D7B1C00DDEC79 /* PBXTargetDependency */ = {
			isa = PBXTargetDependency;
			target = 56F2CD3D306D7B1B00DDEC79 /* Tuppen */;
			targetProxy = 56F2CD4C306D7B1C00DDEC79 /* PBXContainerItemProxy */;
		};
		56F2CD57306D7B1C00DDEC79 /* PBXTargetDependency */ = {
			isa = PBXTargetDependency;
			target = 56F2CD3D306D7B1B00DDEC79 /* Tuppen */;
			targetProxy = 56F2CD56306D7B1C00DDEC79 /* PBXContainerItemProxy */;
		};
/* End PBXTargetDependency section */

/* Begin XCBuildConfiguration section */
		56F2CD5B306D7B1C00DDEC79 /* Debug configuration for PBXProject "Tuppen" */ = {
			isa = XCBuildConfiguration;
			buildSettings = {
				ALWAYS_SEARCH_USER_PATHS = NO;
				ASSETCATALOG_COMPILER_GENERATE_SWIFT_ASSET_SYMBOL_EXTENSIONS = YES;
				CLANG_ANALYZER_NONNULL = YES;
				CLANG_ANALYZER_NUMBER_OBJECT_CONVERSION = YES_AGGRESSIVE;
				CLANG_CXX_LANGUAGE_STANDARD = "gnu++20";
				CLANG_ENABLE_MODULES = YES;
				CLANG_ENABLE_OBJC_ARC = YES;
				CLANG_ENABLE_OBJC_WEAK = YES;
				CLANG_WARN_BLOCK_CAPTURE_AUTORELEASING = YES;
				CLANG_WARN_BOOL_CONVERSION = YES;
				CLANG_WARN_COMMA = YES;
				CLANG_WARN_CONSTANT_CONVERSION = YES;
				CLANG_WARN_DEPRECATED_OBJC_IMPLEMENTATIONS = YES;
				CLANG_WARN_DIRECT_OBJC_ISA_USAGE = YES_ERROR;
				CLANG_WARN_DOCUMENTATION_COMMENTS = YES;
				CLANG_WARN_EMPTY_BODY = YES;
				CLANG_WARN_ENUM_CONVERSION = YES;
				CLANG_WARN_INFINITE_RECURSION = YES;
				CLANG_WARN_INT_CONVERSION = YES;
				CLANG_WARN_NON_LITERAL_NULL_CONVERSION = YES;
				CLANG_WARN_OBJC_IMPLICIT_RETAIN_SELF = YES;
				CLANG_WARN_OBJC_LITERAL_CONVERSION = YES;
				CLANG_WARN_OBJC_ROOT_CLASS = YES_ERROR;
				CLANG_WARN_QUOTED_INCLUDE_IN_FRAMEWORK_HEADER = YES;
				CLANG_WARN_RANGE_LOOP_ANALYSIS = YES;
				CLANG_WARN_STRICT_PROTOTYPES = YES;
				CLANG_WARN_SUSPICIOUS_MOVE = YES;
				CLANG_WARN_UNGUARDED_AVAILABILITY = YES_AGGRESSIVE;
				CLANG_WARN_UNREACHABLE_CODE = YES;
				CLANG_WARN__DUPLICATE_METHOD_MATCH = YES;
				COPY_PHASE_STRIP = NO;
				DEBUG_INFORMATION_FORMAT = dwarf;
				DEVELOPMENT_TEAM = XBA98J6585;
				ENABLE_STRICT_OBJC_MSGSEND = YES;
				ENABLE_TESTABILITY = YES;
				ENABLE_USER_SCRIPT_SANDBOXING = YES;
				GCC_C_LANGUAGE_STANDARD = gnu17;
				GCC_DYNAMIC_NO_PIC = NO;
				GCC_NO_COMMON_BLOCKS = YES;
				GCC_OPTIMIZATION_LEVEL = 0;
				GCC_PREPROCESSOR_DEFINITIONS = (
					"DEBUG=1",
					"$(inherited)",
				);
				GCC_WARN_64_TO_32_BIT_CONVERSION = YES;
				GCC_WARN_ABOUT_RETURN_TYPE = YES_ERROR;
				GCC_WARN_UNDECLARED_SELECTOR = YES;
				GCC_WARN_UNINITIALIZED_AUTOS = YES_AGGRESSIVE;
				GCC_WARN_UNUSED_FUNCTION = YES;
				GCC_WARN_UNUSED_VARIABLE = YES;
				IPHONEOS_DEPLOYMENT_TARGET = 27.0;
				LOCALIZATION_PREFERS_STRING_CATALOGS = YES;
				MTL_ENABLE_DEBUG_INFO = INCLUDE_SOURCE;
				MTL_FAST_MATH = YES;
				ONLY_ACTIVE_ARCH = YES;
				SDKROOT = iphoneos;
				SWIFT_ACTIVE_COMPILATION_CONDITIONS = "DEBUG $(inherited)";
				SWIFT_OPTIMIZATION_LEVEL = "-Onone";
			};
			name = Debug;
		};
		56F2CD5C306D7B1C00DDEC79 /* Release configuration for PBXProject "Tuppen" */ = {
			isa = XCBuildConfiguration;
			buildSettings = {
				ALWAYS_SEARCH_USER_PATHS = NO;
				ASSETCATALOG_COMPILER_GENERATE_SWIFT_ASSET_SYMBOL_EXTENSIONS = YES;
				CLANG_ANALYZER_NONNULL = YES;
				CLANG_ANALYZER_NUMBER_OBJECT_CONVERSION = YES_AGGRESSIVE;
				CLANG_CXX_LANGUAGE_STANDARD = "gnu++20";
				CLANG_ENABLE_MODULES = YES;
				CLANG_ENABLE_OBJC_ARC = YES;
				CLANG_ENABLE_OBJC_WEAK = YES;
				CLANG_WARN_BLOCK_CAPTURE_AUTORELEASING = YES;
				CLANG_WARN_BOOL_CONVERSION = YES;
				CLANG_WARN_COMMA = YES;
				CLANG_WARN_CONSTANT_CONVERSION = YES;
				CLANG_WARN_DEPRECATED_OBJC_IMPLEMENTATIONS = YES;
				CLANG_WARN_DIRECT_OBJC_ISA_USAGE = YES_ERROR;
				CLANG_WARN_DOCUMENTATION_COMMENTS = YES;
				CLANG_WARN_EMPTY_BODY = YES;
				CLANG_WARN_ENUM_CONVERSION = YES;
				CLANG_WARN_INFINITE_RECURSION = YES;
				CLANG_WARN_INT_CONVERSION = YES;
				CLANG_WARN_NON_LITERAL_NULL_CONVERSION = YES;
				CLANG_WARN_OBJC_IMPLICIT_RETAIN_SELF = YES;
				CLANG_WARN_OBJC_LITERAL_CONVERSION = YES;
				CLANG_WARN_OBJC_ROOT_CLASS = YES_ERROR;
				CLANG_WARN_QUOTED_INCLUDE_IN_FRAMEWORK_HEADER = YES;
				CLANG_WARN_RANGE_LOOP_ANALYSIS = YES;
				CLANG_WARN_STRICT_PROTOTYPES = YES;
				CLANG_WARN_SUSPICIOUS_MOVE = YES;
				CLANG_WARN_UNGUARDED_AVAILABILITY = YES_AGGRESSIVE;
				CLANG_WARN_UNREACHABLE_CODE = YES;
				CLANG_WARN__DUPLICATE_METHOD_MATCH = YES;
				COPY_PHASE_STRIP = NO;
				DEBUG_INFORMATION_FORMAT = "dwarf-with-dsym";
				DEVELOPMENT_TEAM = XBA98J6585;
				ENABLE_NS_ASSERTIONS = NO;
				ENABLE_STRICT_OBJC_MSGSEND = YES;
				ENABLE_USER_SCRIPT_SANDBOXING = YES;
				GCC_C_LANGUAGE_STANDARD = gnu17;
				GCC_NO_COMMON_BLOCKS = YES;
				GCC_WARN_64_TO_32_BIT_CONVERSION = YES;
				GCC_WARN_ABOUT_RETURN_TYPE = YES_ERROR;
				GCC_WARN_UNDECLARED_SELECTOR = YES;
				GCC_WARN_UNINITIALIZED_AUTOS = YES_AGGRESSIVE;
				GCC_WARN_UNUSED_FUNCTION = YES;
				GCC_WARN_UNUSED_VARIABLE = YES;
				IPHONEOS_DEPLOYMENT_TARGET = 27.0;
				LOCALIZATION_PREFERS_STRING_CATALOGS = YES;
				MTL_ENABLE_DEBUG_INFO = NO;
				MTL_FAST_MATH = YES;
				SDKROOT = iphoneos;
				SWIFT_COMPILATION_MODE = wholemodule;
				VALIDATE_PRODUCT = YES;
			};
			name = Release;
		};
		56F2CD5E306D7B1C00DDEC79 /* Debug configuration for PBXNativeTarget "Tuppen" */ = {
			isa = XCBuildConfiguration;
			buildSettings = {
				ASSETCATALOG_COMPILER_APPICON_NAME = AppIcon;
				ASSETCATALOG_COMPILER_GLOBAL_ACCENT_COLOR_NAME = AccentColor;
				CODE_SIGN_STYLE = Automatic;
				CURRENT_PROJECT_VERSION = 1;
				DEVELOPMENT_TEAM = XBA98J6585;
				ENABLE_PREVIEWS = YES;
				GENERATE_INFOPLIST_FILE = YES;
				INFOPLIST_KEY_UIApplicationSceneManifest_Generation = YES;
				INFOPLIST_KEY_UIApplicationSupportsIndirectInputEvents = YES;
				INFOPLIST_KEY_UILaunchScreen_Generation = YES;
				INFOPLIST_KEY_UISupportedInterfaceOrientations_iPad = "UIInterfaceOrientationPortrait UIInterfaceOrientationPortraitUpsideDown UIInterfaceOrientationLandscapeLeft UIInterfaceOrientationLandscapeRight";
				INFOPLIST_KEY_UISupportedInterfaceOrientations_iPhone = "UIInterfaceOrientationPortrait UIInterfaceOrientationLandscapeLeft UIInterfaceOrientationLandscapeRight";
				LD_RUNPATH_SEARCH_PATHS = (
					"$(inherited)",
					"@executable_path/Frameworks",
				);
				MARKETING_VERSION = 1.0;
				PRODUCT_BUNDLE_IDENTIFIER = com.DerFerdi.Tuppen;
				PRODUCT_NAME = "$(TARGET_NAME)";
				STRING_CATALOG_GENERATE_SYMBOLS = YES;
				SWIFT_APPROACHABLE_CONCURRENCY = YES;
				SWIFT_DEFAULT_ACTOR_ISOLATION = MainActor;
				SWIFT_EMIT_LOC_STRINGS = YES;
				SWIFT_UPCOMING_FEATURE_MEMBER_IMPORT_VISIBILITY = YES;
				SWIFT_VERSION = 5.0;
				TARGETED_DEVICE_FAMILY = "1,2";
			};
			name = Debug;
		};
		56F2CD5F306D7B1C00DDEC79 /* Release configuration for PBXNativeTarget "Tuppen" */ = {
			isa = XCBuildConfiguration;
			buildSettings = {
				ASSETCATALOG_COMPILER_APPICON_NAME = AppIcon;
				ASSETCATALOG_COMPILER_GLOBAL_ACCENT_COLOR_NAME = AccentColor;
				CODE_SIGN_STYLE = Automatic;
				CURRENT_PROJECT_VERSION = 1;
				DEVELOPMENT_TEAM = XBA98J6585;
				ENABLE_PREVIEWS = YES;
				GENERATE_INFOPLIST_FILE = YES;
				INFOPLIST_KEY_UIApplicationSceneManifest_Generation = YES;
				INFOPLIST_KEY_UIApplicationSupportsIndirectInputEvents = YES;
				INFOPLIST_KEY_UILaunchScreen_Generation = YES;
				INFOPLIST_KEY_UISupportedInterfaceOrientations_iPad = "UIInterfaceOrientationPortrait UIInterfaceOrientationPortraitUpsideDown UIInterfaceOrientationLandscapeLeft UIInterfaceOrientationLandscapeRight";
				INFOPLIST_KEY_UISupportedInterfaceOrientations_iPhone = "UIInterfaceOrientationPortrait UIInterfaceOrientationLandscapeLeft UIInterfaceOrientationLandscapeRight";
				LD_RUNPATH_SEARCH_PATHS = (
					"$(inherited)",
					"@executable_path/Frameworks",
				);
				MARKETING_VERSION = 1.0;
				PRODUCT_BUNDLE_IDENTIFIER = com.DerFerdi.Tuppen;
				PRODUCT_NAME = "$(TARGET_NAME)";
				STRING_CATALOG_GENERATE_SYMBOLS = YES;
				SWIFT_APPROACHABLE_CONCURRENCY = YES;
				SWIFT_DEFAULT_ACTOR_ISOLATION = MainActor;
				SWIFT_EMIT_LOC_STRINGS = YES;
				SWIFT_UPCOMING_FEATURE_MEMBER_IMPORT_VISIBILITY = YES;
				SWIFT_VERSION = 5.0;
				TARGETED_DEVICE_FAMILY = "1,2";
			};
			name = Release;
		};
		56F2CD61306D7B1C00DDEC79 /* Debug configuration for PBXNativeTarget "TuppenTests" */ = {
			isa = XCBuildConfiguration;
			buildSettings = {
				BUNDLE_LOADER = "$(TEST_HOST)";
				CODE_SIGN_STYLE = Automatic;
				CURRENT_PROJECT_VERSION = 1;
				DEVELOPMENT_TEAM = XBA98J6585;
				GENERATE_INFOPLIST_FILE = YES;
				IPHONEOS_DEPLOYMENT_TARGET = 27.0;
				MARKETING_VERSION = 1.0;
				PRODUCT_BUNDLE_IDENTIFIER = com.DerFerdi.TuppenTests;
				PRODUCT_NAME = "$(TARGET_NAME)";
				STRING_CATALOG_GENERATE_SYMBOLS = NO;
				SWIFT_APPROACHABLE_CONCURRENCY = YES;
				SWIFT_EMIT_LOC_STRINGS = NO;
				SWIFT_UPCOMING_FEATURE_MEMBER_IMPORT_VISIBILITY = YES;
				SWIFT_VERSION = 5.0;
				TARGETED_DEVICE_FAMILY = "1,2";
				TEST_HOST = "$(BUILT_PRODUCTS_DIR)/Tuppen.app/$(BUNDLE_EXECUTABLE_FOLDER_PATH)/Tuppen";
			};
			name = Debug;
		};
		56F2CD62306D7B1C00DDEC79 /* Release configuration for PBXNativeTarget "TuppenTests" */ = {
			isa = XCBuildConfiguration;
			buildSettings = {
				BUNDLE_LOADER = "$(TEST_HOST)";
				CODE_SIGN_STYLE = Automatic;
				CURRENT_PROJECT_VERSION = 1;
				DEVELOPMENT_TEAM = XBA98J6585;
				GENERATE_INFOPLIST_FILE = YES;
				IPHONEOS_DEPLOYMENT_TARGET = 27.0;
				MARKETING_VERSION = 1.0;
				PRODUCT_BUNDLE_IDENTIFIER = com.DerFerdi.TuppenTests;
				PRODUCT_NAME = "$(TARGET_NAME)";
				STRING_CATALOG_GENERATE_SYMBOLS = NO;
				SWIFT_APPROACHABLE_CONCURRENCY = YES;
				SWIFT_EMIT_LOC_STRINGS = NO;
				SWIFT_UPCOMING_FEATURE_MEMBER_IMPORT_VISIBILITY = YES;
				SWIFT_VERSION = 5.0;
				TARGETED_DEVICE_FAMILY = "1,2";
				TEST_HOST = "$(BUILT_PRODUCTS_DIR)/Tuppen.app/$(BUNDLE_EXECUTABLE_FOLDER_PATH)/Tuppen";
			};
			name = Release;
		};
		56F2CD64306D7B1C00DDEC79 /* Debug configuration for PBXNativeTarget "TuppenUITests" */ = {
			isa = XCBuildConfiguration;
			buildSettings = {
				CODE_SIGN_STYLE = Automatic;
				CURRENT_PROJECT_VERSION = 1;
				DEVELOPMENT_TEAM = XBA98J6585;
				GENERATE_INFOPLIST_FILE = YES;
				MARKETING_VERSION = 1.0;
				PRODUCT_BUNDLE_IDENTIFIER = com.DerFerdi.TuppenUITests;
				PRODUCT_NAME = "$(TARGET_NAME)";
				STRING_CATALOG_GENERATE_SYMBOLS = NO;
				SWIFT_APPROACHABLE_CONCURRENCY = YES;
				SWIFT_EMIT_LOC_STRINGS = NO;
				SWIFT_UPCOMING_FEATURE_MEMBER_IMPORT_VISIBILITY = YES;
				SWIFT_VERSION = 5.0;
				TARGETED_DEVICE_FAMILY = "1,2";
				TEST_TARGET_NAME = Tuppen;
			};
			name = Debug;
		};
		56F2CD65306D7B1C00DDEC79 /* Release configuration for PBXNativeTarget "TuppenUITests" */ = {
			isa = XCBuildConfiguration;
			buildSettings = {
				CODE_SIGN_STYLE = Automatic;
				CURRENT_PROJECT_VERSION = 1;
				DEVELOPMENT_TEAM = XBA98J6585;
				GENERATE_INFOPLIST_FILE = YES;
				MARKETING_VERSION = 1.0;
				PRODUCT_BUNDLE_IDENTIFIER = com.DerFerdi.TuppenUITests;
				PRODUCT_NAME = "$(TARGET_NAME)";
				STRING_CATALOG_GENERATE_SYMBOLS = NO;
				SWIFT_APPROACHABLE_CONCURRENCY = YES;
				SWIFT_EMIT_LOC_STRINGS = NO;
				SWIFT_UPCOMING_FEATURE_MEMBER_IMPORT_VISIBILITY = YES;
				SWIFT_VERSION = 5.0;
				TARGETED_DEVICE_FAMILY = "1,2";
				TEST_TARGET_NAME = Tuppen;
			};
			name = Release;
		};
/* End XCBuildConfiguration section */

/* Begin XCConfigurationList section */
		56F2CD39306D7B1B00DDEC79 /* Build configuration list for PBXProject "Tuppen" */ = {
			isa = XCConfigurationList;
			buildConfigurations = (
				56F2CD5B306D7B1C00DDEC79 /* Debug configuration for PBXProject "Tuppen" */,
				56F2CD5C306D7B1C00DDEC79 /* Release configuration for PBXProject "Tuppen" */,
			);
			defaultConfigurationName = Release;
		};
		56F2CD5D306D7B1C00DDEC79 /* Build configuration list for PBXNativeTarget "Tuppen" */ = {
			isa = XCConfigurationList;
			buildConfigurations = (
				56F2CD5E306D7B1C00DDEC79 /* Debug configuration for PBXNativeTarget "Tuppen" */,
				56F2CD5F306D7B1C00DDEC79 /* Release configuration for PBXNativeTarget "Tuppen" */,
			);
			defaultConfigurationName = Release;
		};
		56F2CD60306D7B1C00DDEC79 /* Build configuration list for PBXNativeTarget "TuppenTests" */ = {
			isa = XCConfigurationList;
			buildConfigurations = (
				56F2CD61306D7B1C00DDEC79 /* Debug configuration for PBXNativeTarget "TuppenTests" */,
				56F2CD62306D7B1C00DDEC79 /* Release configuration for PBXNativeTarget "TuppenTests" */,
			);
			defaultConfigurationName = Release;
		};
		56F2CD63306D7B1C00DDEC79 /* Build configuration list for PBXNativeTarget "TuppenUITests" */ = {
			isa = XCConfigurationList;
			buildConfigurations = (
				56F2CD64306D7B1C00DDEC79 /* Debug configuration for PBXNativeTarget "TuppenUITests" */,
				56F2CD65306D7B1C00DDEC79 /* Release configuration for PBXNativeTarget "TuppenUITests" */,
			);
			defaultConfigurationName = Release;
		};
/* End XCConfigurationList section */
	};
	rootObject = 56F2CD36306D7B1B00DDEC79 /* Project object */;
	validationLevel = 1;
}
